// !$*UTF8*$!
{
	archiveVersion = 1;
	classes = {
	};
	objectVersion = 46;
	objects = {

/* Begin PBXBuildFile section */
		C303051E1BAE8E5F00168F4B /* scene.c in Sources */ = {isa = PBXBuildFile; fileRef = C303051C1BAE8E5F00168F4B /* scene.c */; };
		C35544181BA9DB06009B6668 /* main.c in Sources */ = {isa = PBXBuildFile; fileRef = C35544161BA9DB06009B6668 /* main.c */; };
		C377A0071B8388010028E86B /* OpenGL.framework in Frameworks */ = {isa = PBXBuildFile; fileRef = C377A0061B8388010028E86B /* OpenGL.framework */; };
		C377A0091B8388080028E86B /* GLUT.framework in Frameworks */ = {isa = PBXBuildFile; fileRef = C377A0081B8388080028E86B /* GLUT.framework */; };
		C37A59E11BB18FFE0095635A /* Makefile in Sources */ = {isa = PBXBuildFile; fileRef = C37A59E01BB18FFE0095635A /* Makefile */; };
		C39C37D71BA99A5C003CC786 /* fluid2d.c in Sources */ = {isa = PBXBuildFile; fileRef = C39C37D61BA99A5C003CC786 /* fluid2d.c */; };
/* End PBXBuildFile section */

/* Begin PBXCopyFilesBuildPhase section */
		C3779FEE1B837ED40028E86B /* CopyFiles */ = {
			isa = PBXCopyFilesBuildPhase;
			buildActionMask = 2147483647;
			dstPath = /usr/share/man/man1/;
			dstSubfolderSpec = 0;
			files = (
			);
			runOnlyForDeploymentPostprocessing = 1;
		};
/* End PBXCopyFilesBuildPhase section */

/* Begin PBXFileReference section */
		C303051C1BAE8E5F00168F4B /* scene.c */ = {isa = PBXFileReference; fileEncoding = 4; lastKnownFileType = sourcecode.c.c; path = scene.c; sourceTree = "<group>"; };
		C303051D1BAE8E5F00168F4B /* scene.h */ = {isa = PBXFileReference; fileEncoding = 4; lastKnownFileType = sourcecode.c.h; path = scene.h; sourceTree = "<group>"; };
		C303052B1BAE9D5B00168F4B /* steam2d */ = {isa = PBXFileReference; explicitFileType = "compiled.mach-o.executable"; includeInIndex = 0; path = steam2d; sourceTree = BUILT_PRODUCTS_DIR; };
		C35544151BA9DAEB009B6668 /* fluid2d.h */ = {isa = PBXFileReference; lastKnownFileType = sourcecode.c.h; path = fluid2d.h; sourceTree = "<group>"; };
		C35544161BA9DB06009B6668 /* main.c */ = {isa = PBXFileReference; fileEncoding = 4; lastKnownFileType = sourcecode.c.c; path = main.c; sourceTree = "<group>"; };
		C377A0061B8388010028E86B /* OpenGL.framework */ = {isa = PBXFileReference; lastKnownFileType = wrapper.framework; name = OpenGL.framework; path = System/Library/Frameworks/OpenGL.framework; sourceTree = SDKROOT; };
		C377A0081B8388080028E86B /* GLUT.framework */ = {isa = PBXFileReference; lastKnownFileType = wrapper.framework; name = GLUT.framework; path = System/Library/Frameworks/GLUT.framework; sourceTree = SDKROOT; };
		C37A59E01BB18FFE0095635A /* Makefile */ = {isa = PBXFileReference; fileEncoding = 4; lastKnownFileType = sourcecode.make; path = Makefile; sourceTree = "<group>"; };
		C39C37D61BA99A5C003CC786 /* fluid2d.c */ = {isa = PBXFileReference; fileEncoding = 4; lastKnownFileType = sourcecode.c.c; path = fluid2d.c; sourceTree = "<group>"; };
/* End PBXFileReference section */

/* Begin PBXFrameworksBuildPhase section */
		C3779FED1B837ED40028E86B /* Frameworks */ = {
			isa = PBXFrameworksBuildPhase;
			buildActionMask = 2147483647;
			files = (
				C377A0091B8388080028E86B /* GLUT.framework in Frameworks */,
				C377A0071B8388010028E86B /* OpenGL.framework in Frameworks */,
			);
			runOnlyForDeploymentPostprocessing = 0;
		};
/* End PBXFrameworksBuildPhase section */

/* Begin PBXGroup section */
		C3779FE71B837ED40028E86B = {
			isa = PBXGroup;
			children = (
				C37A59E01BB18FFE0095635A /* Makefile */,
				C303051C1BAE8E5F00168F4B /* scene.c */,
				C303051D1BAE8E5F00168F4B /* scene.h */,
				C35544161BA9DB06009B6668 /* main.c */,
				C35544151BA9DAEB009B6668 /* fluid2d.h */,
				C39C37D61BA99A5C003CC786 /* fluid2d.c */,
				C377A0081B8388080028E86B /* GLUT.framework */,
				C377A0061B8388010028E86B /* OpenGL.framework */,
				C303052B1BAE9D5B00168F4B /* steam2d */,
			);
			sourceTree = "<group>";
		};
/* End PBXGroup section */

/* Begin PBXNativeTarget section */
		C3779FEF1B837ED40028E86B /* steam2d */ = {
			isa = PBXNativeTarget;
			buildConfigurationList = C3779FF71B837ED40028E86B /* Build configuration list for PBXNativeTarget "steam2d" */;
			buildPhases = (
				C3779FEC1B837ED40028E86B /* Sources */,
				C3779FED1B837ED40028E86B /* Frameworks */,
				C3779FEE1B837ED40028E86B /* CopyFiles */,
			);
			buildRules = (
			);
			dependencies = (
			);
			name = steam2d;
			productName = onsen;
			productReference = C303052B1BAE9D5B00168F4B /* steam2d */;
			productType = "com.apple.product-type.tool";
		};
/* End PBXNativeTarget section */

/* Begin PBXProject section */
		C3779FE81B837ED40028E86B /* Project object */ = {
			isa = PBXProject;
			attributes = {
				LastUpgradeCheck = 0710;
				ORGANIZATIONNAME = "Hiroyuki Sano";
				TargetAttributes = {
					C3779FEF1B837ED40028E86B = {
						CreatedOnToolsVersion = 6.4;
					};
				};
			};
			buildConfigurationList = C3779FEB1B837ED40028E86B /* Build configuration list for PBXProject "steam2d" */;
			compatibilityVersion = "Xcode 3.2";
			developmentRegion = English;
			hasScannedForEncodings = 0;
			knownRegions = (
				en,
			);
			mainGroup = C3779FE71B837ED40028E86B;
			productRefGroup = C3779FE71B837ED40028E86B;
			projectDirPath = "";
			projectRoot = "";
			targets = (
				C3779FEF1B837ED40028E86B /* steam2d */,
			);
		};
/* End PBXProject section */

/* Begin PBXSourcesBuildPhase section */
		C3779FEC1B837ED40028E86B /* Sources */ = {
			isa = PBXSourcesBuildPhase;
			buildActionMask = 2147483647;
			files = (
				C303051E1BAE8E5F00168F4B /* scene.c in Sources */,
				C39C37D71BA99A5C003CC786 /* fluid2d.c in Sources */,
				C37A59E11BB18FFE0095635A /* Makefile in Sources */,
				C35544181BA9DB06009B6668 /* main.c in Sources */,
			);
			runOnlyForDeploymentPostprocessing = 0;
		};
/* End PBXSourcesBuildPhase section */

/* Begin XCBuildConfiguration section */
		C3779FF51B837ED40028E86B /* Debug */ = {
			isa = XCBuildConfiguration;
			buildSettings = {
				ALWAYS_SEARCH_USER_PATHS = NO;
				CLANG_CXX_LANGUAGE_STANDARD = "gnu++0x";
				CLANG_CXX_LIBRARY = "libc++";
				CLANG_ENABLE_MODULES = YES;
				CLANG_ENABLE_OBJC_ARC = YES;
				CLANG_WARN_BOOL_CONVERSION = YES;
				CLANG_WARN_CONSTANT_CONVERSION = YES;
				CLANG_WARN_DIRECT_OBJC_ISA_USAGE = YES_ERROR;
				CLANG_WARN_EMPTY_BODY = YES;
				CLANG_WARN_ENUM_CONVERSION = YES;
				CLANG_WARN_INT_CONVERSION = YES;
				CLANG_WARN_OBJC_ROOT_CLASS = YES_ERROR;
				CLANG_WARN_UNREACHABLE_CODE = YES;
				CLANG_WARN__DUPLICATE_METHOD_MATCH = YES;
				COPY_PHASE_STRIP = NO;
				DEBUG_INFORMATION_FORMAT = dwarf;
				ENABLE_STRICT_OBJC_MSGSEND = YES;
				ENABLE_TESTABILITY = YES;
				GCC_C_LANGUAGE_STANDARD = c99;
				GCC_DYNAMIC_NO_PIC = NO;
				GCC_NO_COMMON_BLOCKS = YES;
				GCC_OPTIMIZATION_LEVEL = 0;
				GCC_PREPROCESSOR_DEFINITIONS = (
					"DEBUG=1",
					"$(inherited)",
				);
				GCC_SYMBOLS_PRIVATE_EXTERN = NO;
				GCC_WARN_64_TO_32_BIT_CONVERSION = YES;
				GCC_WARN_ABOUT_RETURN_TYPE = YES_ERROR;
				GCC_WARN_UNDECLARED_SELECTOR = YES;
				GCC_WARN_UNINITIALIZED_AUTOS = YES_AGGRESSIVE;
				GCC_WARN_UNUSED_FUNCTION = YES;
				GCC_WARN_UNUSED_VARIABLE = YES;
				MACOSX_DEPLOYMENT_TARGET = 10.8;
				MTL_ENABLE_DEBUG_INFO = YES;
				ONLY_ACTIVE_ARCH = YES;
				SDKROOT = macosx;
			};
			name = Debug;
		};
		C3779FF61B837ED40028E86B /* Release */ = {
			isa = XCBuildConfiguration;
			buildSettings = {
				ALWAYS_SEARCH_USER_PATHS = NO;
				CLANG_CXX_LANGUAGE_STANDARD = "gnu++0x";
				CLANG_CXX_LIBRARY = "libc++";
				CLANG_ENABLE_MODULES = YES;
				CLANG_ENABLE_OBJC_ARC = YES;
				CLANG_WARN_BOOL_CONVERSION = YES;
				CLANG_WARN_CONSTANT_CONVERSION = YES;
				CLANG_WARN_DIRECT_OBJC_ISA_USAGE = YES_ERROR;
				CLANG_WARN_EMPTY_BODY = YES;
				CLANG_WARN_ENUM_CONVERSION = YES;
				CLANG_WARN_INT_CONVERSION = YES;
				CLANG_WARN_OBJC_ROOT_CLASS = YES_ERROR;
				CLANG_WARN_UNREACHABLE_CODE = YES;
				CLANG_WARN__DUPLICATE_METHOD_MATCH = YES;
				COPY_PHASE_STRIP = NO;
				DEBUG_INFORMATION_FORMAT = "dwarf-with-dsym";
				ENABLE_NS_ASSERTIONS = NO;
				ENABLE_STRICT_OBJC_MSGSEND = YES;
				GCC_C_LANGUAGE_STANDARD = c99;
				GCC_NO_COMMON_BLOCKS = YES;
				GCC_WARN_64_TO_32_BIT_CONVERSION = YES;
				GCC_WARN_ABOUT_RETURN_TYPE = YES_ERROR;
				GCC_WARN_UNDECLARED_SELECTOR = YES;
				GCC_WARN_UNINITIALIZED_AUTOS = YES_AGGRESSIVE;
				GCC_WARN_UNUSED_FUNCTION = YES;
				GCC_WARN_UNUSED_VARIABLE = YES;
				MACOSX_DEPLOYMENT_TARGET = 10.8;
				MTL_ENABLE_DEBUG_INFO = NO;
				SDKROOT = macosx;
			};
			name = Release;
		};
		C3779FF81B837ED40028E86B /* Debug */ = {
			isa = XCBuildConfiguration;
			buildSettings = {
				MACOSX_DEPLOYMENT_TARGET = 10.8;
				PRODUCT_NAME = steam2d;
			};
			name = Debug;
		};
		C3779FF91B837ED40028E86B /* Release */ = {
			isa = XCBuildConfiguration;
			buildSettings = {
				MACOSX_DEPLOYMENT_TARGET = 10.8;
				PRODUCT_NAME = steam2d;
			};
			name = Release;
		};
/* End XCBuildConfiguration section */

/* Begin XCConfigurationList section */
		C3779FEB1B837ED40028E86B /* Build configuration list for PBXProject "steam2d" */ = {
			isa = XCConfigurationList;
			buildConfigurations = (
				C3779FF51B837ED40028E86B /* Debug */,
				C3779FF61B837ED40028E86B /* Release */,
			);
			defaultConfigurationIsVisible = 0;
			defaultConfigurationName = Release;
		};
		C3779FF71B837ED40028E86B /* Build configuration list for PBXNativeTarget "steam2d" */ = {
			isa = XCConfigurationList;
			buildConfigurations = (
				C3779FF81B837ED40028E86B /* Debug */,
				C3779FF91B837ED40028E86B /* Release */,
			);
			defaultConfigurationIsVisible = 0;
			defaultConfigurationName = Release;
		};
/* End XCConfigurationList section */
	};
	rootObject = C3779FE81B837ED40028E86B /* Project object */;
}
